
Microsoft Visual Studio Solution File, Format Version 12.00
# Visual Studio Version 16
VisualStudioVersion = 16.0.29806.167
MinimumVisualStudioVersion = 10.0.40219.1
Project("{9A19103F-16F7-4668-BE54-9A1E7A4F7556}") = "eShopOnContainers.Core", "eShopOnContainers.Core\eShopOnContainers.Core.csproj", "{C3532EAD-512A-48B7-8A06-D181B5BDB76A}"
EndProject
Project("{FAE04EC0-301F-11D3-BF4B-00C04F79EFBC}") = "eShopOnContainers.Droid", "eShopOnContainers.Droid\eShopOnContainers.Droid.csproj", "{62DBB163-9CA9-4818-B48B-13233DF37C24}"
EndProject
Project("{FAE04EC0-301F-11D3-BF4B-00C04F79EFBC}") = "eShopOnContainers.iOS", "eShopOnContainers.iOS\eShopOnContainers.iOS.csproj", "{6EEB23DC-7063-4444-9AF8-90DF24F549C0}"
EndProject
Project("{FAE04EC0-301F-11D3-BF4B-00C04F79EFBC}") = "eShopOnContainers.TestRunner.Droid", "eShopOnContainers.TestRunner.Droid\eShopOnContainers.TestRunner.Droid.csproj", "{A289A7F0-ACD8-42AE-87B6-AB1AFD310BF1}"
EndProject
Project("{FAE04EC0-301F-11D3-BF4B-00C04F79EFBC}") = "eShopOnContainers.TestRunner.iOS", "eShopOnContainers.TestRunner.iOS\eShopOnContainers.TestRunner.iOS.csproj", "{B68C2B56-7581-46AE-B55D-D25DDFD3BFE3}"
EndProject
Project("{FAE04EC0-301F-11D3-BF4B-00C04F79EFBC}") = "eShopOnContainers.TestRunner.Windows", "eShopOnContainers.TestRunner.Windows\eShopOnContainers.TestRunner.Windows.csproj", "{A7337243-33B8-463A-87AD-944B75EFD820}"
EndProject
Project("{9A19103F-16F7-4668-BE54-9A1E7A4F7556}") = "eShopOnContainers.UnitTests", "eShopOnContainers.UnitTests\eShopOnContainers.UnitTests.csproj", "{19B9E7F3-DC32-45C9-BA75-C85407AAEA4E}"
EndProject
Project("{FAE04EC0-301F-11D3-BF4B-00C04F79EFBC}") = "eShopOnContainers.Windows", "eShopOnContainers.Windows\eShopOnContainers.Windows.csproj", "{C3C1E2CF-B1F7-4654-BBDC-50143DB22E0B}"
EndProject
Project("{2150E333-8FDC-42A3-9474-1A3956D46DE8}") = "CommonResources", "CommonResources", "{45712510-E6DA-4D2A-B16B-50539823AFC4}"
EndProject
Global
	GlobalSection(SolutionConfigurationPlatforms) = preSolution
		Debug|Any CPU = Debug|Any CPU
		Debug|ARM = Debug|ARM
		Debug|iPhone = Debug|iPhone
		Debug|iPhoneSimulator = Debug|iPhoneSimulator
		Debug|x64 = Debug|x64
		Debug|x86 = Debug|x86
		Release|Any CPU = Release|Any CPU
		Release|ARM = Release|ARM
		Release|iPhone = Release|iPhone
		Release|iPhoneSimulator = Release|iPhoneSimulator
		Release|x64 = Release|x64
		Release|x86 = Release|x86
	EndGlobalSection
	GlobalSection(ProjectConfigurationPlatforms) = postSolution
		{C3532EAD-512A-48B7-8A06-D181B5BDB76A}.Debug|Any CPU.ActiveCfg = Debug|Any CPU
		{C3532EAD-512A-48B7-8A06-D181B5BDB76A}.Debug|Any CPU.Build.0 = Debug|Any CPU
		{C3532EAD-512A-48B7-8A06-D181B5BDB76A}.Debug|ARM.ActiveCfg = Debug|Any CPU
		{C3532EAD-512A-48B7-8A06-D181B5BDB76A}.Debug|ARM.Build.0 = Debug|Any CPU
		{C3532EAD-512A-48B7-8A06-D181B5BDB76A}.Debug|iPhone.ActiveCfg = Debug|Any CPU
		{C3532EAD-512A-48B7-8A06-D181B5BDB76A}.Debug|iPhone.Build.0 = Debug|Any CPU
		{C3532EAD-512A-48B7-8A06-D181B5BDB76A}.Debug|iPhoneSimulator.ActiveCfg = Debug|Any CPU
		{C3532EAD-512A-48B7-8A06-D181B5BDB76A}.Debug|iPhoneSimulator.Build.0 = Debug|Any CPU
		{C3532EAD-512A-48B7-8A06-D181B5BDB76A}.Debug|x64.ActiveCfg = Debug|Any CPU
		{C3532EAD-512A-48B7-8A06-D181B5BDB76A}.Debug|x64.Build.0 = Debug|Any CPU
		{C3532EAD-512A-48B7-8A06-D181B5BDB76A}.Debug|x86.ActiveCfg = Debug|Any CPU
		{C3532EAD-512A-48B7-8A06-D181B5BDB76A}.Debug|x86.Build.0 = Debug|Any CPU
		{C3532EAD-512A-48B7-8A06-D181B5BDB76A}.Release|Any CPU.ActiveCfg = Release|Any CPU
		{C3532EAD-512A-48B7-8A06-D181B5BDB76A}.Release|Any CPU.Build.0 = Release|Any CPU
		{C3532EAD-512A-48B7-8A06-D181B5BDB76A}.Release|ARM.ActiveCfg = Release|Any CPU
		{C3532EAD-512A-48B7-8A06-D181B5BDB76A}.Release|ARM.Build.0 = Release|Any CPU
		{C3532EAD-512A-48B7-8A06-D181B5BDB76A}.Release|iPhone.ActiveCfg = Release|Any CPU
		{C3532EAD-512A-48B7-8A06-D181B5BDB76A}.Release|iPhone.Build.0 = Release|Any CPU
		{C3532EAD-512A-48B7-8A06-D181B5BDB76A}.Release|iPhoneSimulator.ActiveCfg = Release|Any CPU
		{C3532EAD-512A-48B7-8A06-D181B5BDB76A}.Release|iPhoneSimulator.Build.0 = Release|Any CPU
		{C3532EAD-512A-48B7-8A06-D181B5BDB76A}.Release|x64.ActiveCfg = Release|Any CPU
		{C3532EAD-512A-48B7-8A06-D181B5BDB76A}.Release|x64.Build.0 = Release|Any CPU
		{C3532EAD-512A-48B7-8A06-D181B5BDB76A}.Release|x86.ActiveCfg = Release|Any CPU
		{C3532EAD-512A-48B7-8A06-D181B5BDB76A}.Release|x86.Build.0 = Release|Any CPU
		{62DBB163-9CA9-4818-B48B-13233DF37C24}.Debug|Any CPU.ActiveCfg = Debug|Any CPU
		{62DBB163-9CA9-4818-B48B-13233DF37C24}.Debug|Any CPU.Build.0 = Debug|Any CPU
		{62DBB163-9CA9-4818-B48B-13233DF37C24}.Debug|Any CPU.Deploy.0 = Debug|Any CPU
		{62DBB163-9CA9-4818-B48B-13233DF37C24}.Debug|ARM.ActiveCfg = Debug|Any CPU
		{62DBB163-9CA9-4818-B48B-13233DF37C24}.Debug|ARM.Build.0 = Debug|Any CPU
		{62DBB163-9CA9-4818-B48B-13233DF37C24}.Debug|ARM.Deploy.0 = Debug|Any CPU
		{62DBB163-9CA9-4818-B48B-13233DF37C24}.Debug|iPhone.ActiveCfg = Debug|Any CPU
		{62DBB163-9CA9-4818-B48B-13233DF37C24}.Debug|iPhone.Build.0 = Debug|Any CPU
		{62DBB163-9CA9-4818-B48B-13233DF37C24}.Debug|iPhone.Deploy.0 = Debug|Any CPU
		{62DBB163-9CA9-4818-B48B-13233DF37C24}.Debug|iPhoneSimulator.ActiveCfg = Debug|Any CPU
		{62DBB163-9CA9-4818-B48B-13233DF37C24}.Debug|iPhoneSimulator.Build.0 = Debug|Any CPU
		{62DBB163-9CA9-4818-B48B-13233DF37C24}.Debug|iPhoneSimulator.Deploy.0 = Debug|Any CPU
		{62DBB163-9CA9-4818-B48B-13233DF37C24}.Debug|x64.ActiveCfg = Debug|Any CPU
		{62DBB163-9CA9-4818-B48B-13233DF37C24}.Debug|x64.Build.0 = Debug|Any CPU
		{62DBB163-9CA9-4818-B48B-13233DF37C24}.Debug|x64.Deploy.0 = Debug|Any CPU
		{62DBB163-9CA9-4818-B48B-13233DF37C24}.Debug|x86.ActiveCfg = Debug|Any CPU
		{62DBB163-9CA9-4818-B48B-13233DF37C24}.Debug|x86.Build.0 = Debug|Any CPU
		{62DBB163-9CA9-4818-B48B-13233DF37C24}.Debug|x86.Deploy.0 = Debug|Any CPU
		{62DBB163-9CA9-4818-B48B-13233DF37C24}.Release|Any CPU.ActiveCfg = Release|Any CPU
		{62DBB163-9CA9-4818-B48B-13233DF37C24}.Release|Any CPU.Build.0 = Release|Any CPU
		{62DBB163-9CA9-4818-B48B-13233DF37C24}.Release|Any CPU.Deploy.0 = Release|Any CPU
		{62DBB163-9CA9-4818-B48B-13233DF37C24}.Release|ARM.ActiveCfg = Release|Any CPU
		{62DBB163-9CA9-4818-B48B-13233DF37C24}.Release|ARM.Build.0 = Release|Any CPU
		{62DBB163-9CA9-4818-B48B-13233DF37C24}.Release|ARM.Deploy.0 = Release|Any CPU
		{62DBB163-9CA9-4818-B48B-13233DF37C24}.Release|iPhone.ActiveCfg = Release|Any CPU
		{62DBB163-9CA9-4818-B48B-13233DF37C24}.Release|iPhone.Build.0 = Release|Any CPU
		{62DBB163-9CA9-4818-B48B-13233DF37C24}.Release|iPhone.Deploy.0 = Release|Any CPU
		{62DBB163-9CA9-4818-B48B-13233DF37C24}.Release|iPhoneSimulator.ActiveCfg = Release|Any CPU
		{62DBB163-9CA9-4818-B48B-13233DF37C24}.Release|iPhoneSimulator.Build.0 = Release|Any CPU
		{62DBB163-9CA9-4818-B48B-13233DF37C24}.Release|iPhoneSimulator.Deploy.0 = Release|Any CPU
		{62DBB163-9CA9-4818-B48B-13233DF37C24}.Release|x64.ActiveCfg = Release|Any CPU
		{62DBB163-9CA9-4818-B48B-13233DF37C24}.Release|x64.Build.0 = Release|Any CPU
		{62DBB163-9CA9-4818-B48B-13233DF37C24}.Release|x64.Deploy.0 = Release|Any CPU
		{62DBB163-9CA9-4818-B48B-13233DF37C24}.Release|x86.ActiveCfg = Release|Any CPU
		{62DBB163-9CA9-4818-B48B-13233DF37C24}.Release|x86.Build.0 = Release|Any CPU
		{62DBB163-9CA9-4818-B48B-13233DF37C24}.Release|x86.Deploy.0 = Release|Any CPU
		{6EEB23DC-7063-4444-9AF8-90DF24F549C0}.Debug|Any CPU.ActiveCfg = Debug|iPhone
		{6EEB23DC-7063-4444-9AF8-90DF24F549C0}.Debug|ARM.ActiveCfg = Debug|iPhone
		{6EEB23DC-7063-4444-9AF8-90DF24F549C0}.Debug|iPhone.ActiveCfg = Debug|iPhone
		{6EEB23DC-7063-4444-9AF8-90DF24F549C0}.Debug|iPhone.Build.0 = Debug|iPhone
		{6EEB23DC-7063-4444-9AF8-90DF24F549C0}.Debug|iPhoneSimulator.ActiveCfg = Debug|iPhoneSimulator
		{6EEB23DC-7063-4444-9AF8-90DF24F549C0}.Debug|iPhoneSimulator.Build.0 = Debug|iPhoneSimulator
		{6EEB23DC-7063-4444-9AF8-90DF24F549C0}.Debug|x64.ActiveCfg = Debug|iPhone
		{6EEB23DC-7063-4444-9AF8-90DF24F549C0}.Debug|x86.ActiveCfg = Debug|iPhone
		{6EEB23DC-7063-4444-9AF8-90DF24F549C0}.Release|Any CPU.ActiveCfg = Release|iPhone
		{6EEB23DC-7063-4444-9AF8-90DF24F549C0}.Release|ARM.ActiveCfg = Release|iPhone
		{6EEB23DC-7063-4444-9AF8-90DF24F549C0}.Release|iPhone.ActiveCfg = Release|iPhone
		{6EEB23DC-7063-4444-9AF8-90DF24F549C0}.Release|iPhone.Build.0 = Release|iPhone
		{6EEB23DC-7063-4444-9AF8-90DF24F549C0}.Release|iPhoneSimulator.ActiveCfg = Release|iPhoneSimulator
		{6EEB23DC-7063-4444-9AF8-90DF24F549C0}.Release|iPhoneSimulator.Build.0 = Release|iPhoneSimulator
		{6EEB23DC-7063-4444-9AF8-90DF24F549C0}.Release|x64.ActiveCfg = Release|iPhone
		{6EEB23DC-7063-4444-9AF8-90DF24F549C0}.Release|x86.ActiveCfg = Release|iPhone
		{A289A7F0-ACD8-42AE-87B6-AB1AFD310BF1}.Debug|Any CPU.ActiveCfg = Debug|Any CPU
		{A289A7F0-ACD8-42AE-87B6-AB1AFD310BF1}.Debug|Any CPU.Build.0 = Debug|Any CPU
		{A289A7F0-ACD8-42AE-87B6-AB1AFD310BF1}.Debug|Any CPU.Deploy.0 = Debug|Any CPU
		{A289A7F0-ACD8-42AE-87B6-AB1AFD310BF1}.Debug|ARM.ActiveCfg = Debug|Any CPU
		{A289A7F0-ACD8-42AE-87B6-AB1AFD310BF1}.Debug|ARM.Build.0 = Debug|Any CPU
		{A289A7F0-ACD8-42AE-87B6-AB1AFD310BF1}.Debug|ARM.Deploy.0 = Debug|Any CPU
		{A289A7F0-ACD8-42AE-87B6-AB1AFD310BF1}.Debug|iPhone.ActiveCfg = Debug|Any CPU
		{A289A7F0-ACD8-42AE-87B6-AB1AFD310BF1}.Debug|iPhone.Build.0 = Debug|Any CPU
		{A289A7F0-ACD8-42AE-87B6-AB1AFD310BF1}.Debug|iPhone.Deploy.0 = Debug|Any CPU
		{A289A7F0-ACD8-42AE-87B6-AB1AFD310BF1}.Debug|iPhoneSimulator.ActiveCfg = Debug|Any CPU
		{A289A7F0-ACD8-42AE-87B6-AB1AFD310BF1}.Debug|iPhoneSimulator.Build.0 = Debug|Any CPU
		{A289A7F0-ACD8-42AE-87B6-AB1AFD310BF1}.Debug|iPhoneSimulator.Deploy.0 = Debug|Any CPU
		{A289A7F0-ACD8-42AE-87B6-AB1AFD310BF1}.Debug|x64.ActiveCfg = Debug|Any CPU
		{A289A7F0-ACD8-42AE-87B6-AB1AFD310BF1}.Debug|x64.Build.0 = Debug|Any CPU
		{A289A7F0-ACD8-42AE-87B6-AB1AFD310BF1}.Debug|x64.Deploy.0 = Debug|Any CPU
		{A289A7F0-ACD8-42AE-87B6-AB1AFD310BF1}.Debug|x86.ActiveCfg = Debug|Any CPU
		{A289A7F0-ACD8-42AE-87B6-AB1AFD310BF1}.Debug|x86.Build.0 = Debug|Any CPU
		{A289A7F0-ACD8-42AE-87B6-AB1AFD310BF1}.Debug|x86.Deploy.0 = Debug|Any CPU
		{A289A7F0-ACD8-42AE-87B6-AB1AFD310BF1}.Release|Any CPU.ActiveCfg = Release|Any CPU
		{A289A7F0-ACD8-42AE-87B6-AB1AFD310BF1}.Release|Any CPU.Build.0 = Release|Any CPU
		{A289A7F0-ACD8-42AE-87B6-AB1AFD310BF1}.Release|Any CPU.Deploy.0 = Release|Any CPU
		{A289A7F0-ACD8-42AE-87B6-AB1AFD310BF1}.Release|ARM.ActiveCfg = Release|Any CPU
		{A289A7F0-ACD8-42AE-87B6-AB1AFD310BF1}.Release|ARM.Build.0 = Release|Any CPU
		{A289A7F0-ACD8-42AE-87B6-AB1AFD310BF1}.Release|ARM.Deploy.0 = Release|Any CPU
		{A289A7F0-ACD8-42AE-87B6-AB1AFD310BF1}.Release|iPhone.ActiveCfg = Release|Any CPU
		{A289A7F0-ACD8-42AE-87B6-AB1AFD310BF1}.Release|iPhone.Build.0 = Release|Any CPU
		{A289A7F0-ACD8-42AE-87B6-AB1AFD310BF1}.Release|iPhone.Deploy.0 = Release|Any CPU
		{A289A7F0-ACD8-42AE-87B6-AB1AFD310BF1}.Release|iPhoneSimulator.ActiveCfg = Release|Any CPU
		{A289A7F0-ACD8-42AE-87B6-AB1AFD310BF1}.Release|iPhoneSimulator.Build.0 = Release|Any CPU
		{A289A7F0-ACD8-42AE-87B6-AB1AFD310BF1}.Release|iPhoneSimulator.Deploy.0 = Release|Any CPU
		{A289A7F0-ACD8-42AE-87B6-AB1AFD310BF1}.Release|x64.ActiveCfg = Release|Any CPU
		{A289A7F0-ACD8-42AE-87B6-AB1AFD310BF1}.Release|x64.Build.0 = Release|Any CPU
		{A289A7F0-ACD8-42AE-87B6-AB1AFD310BF1}.Release|x64.Deploy.0 = Release|Any CPU
		{A289A7F0-ACD8-42AE-87B6-AB1AFD310BF1}.Release|x86.ActiveCfg = Release|Any CPU
		{A289A7F0-ACD8-42AE-87B6-AB1AFD310BF1}.Release|x86.Build.0 = Release|Any CPU
		{A289A7F0-ACD8-42AE-87B6-AB1AFD310BF1}.Release|x86.Deploy.0 = Release|Any CPU
		{B68C2B56-7581-46AE-B55D-D25DDFD3BFE3}.Debug|Any CPU.ActiveCfg = Debug|iPhone
		{B68C2B56-7581-46AE-B55D-D25DDFD3BFE3}.Debug|ARM.ActiveCfg = Debug|iPhone
		{B68C2B56-7581-46AE-B55D-D25DDFD3BFE3}.Debug|iPhone.ActiveCfg = Debug|iPhone
		{B68C2B56-7581-46AE-B55D-D25DDFD3BFE3}.Debug|iPhone.Build.0 = Debug|iPhone
		{B68C2B56-7581-46AE-B55D-D25DDFD3BFE3}.Debug|iPhoneSimulator.ActiveCfg = Debug|iPhoneSimulator
		{B68C2B56-7581-46AE-B55D-D25DDFD3BFE3}.Debug|iPhoneSimulator.Build.0 = Debug|iPhoneSimulator
		{B68C2B56-7581-46AE-B55D-D25DDFD3BFE3}.Debug|x64.ActiveCfg = Debug|iPhone
		{B68C2B56-7581-46AE-B55D-D25DDFD3BFE3}.Debug|x86.ActiveCfg = Debug|iPhone
		{B68C2B56-7581-46AE-B55D-D25DDFD3BFE3}.Release|Any CPU.ActiveCfg = Release|iPhone
		{B68C2B56-7581-46AE-B55D-D25DDFD3BFE3}.Release|ARM.ActiveCfg = Release|iPhone
		{B68C2B56-7581-46AE-B55D-D25DDFD3BFE3}.Release|iPhone.ActiveCfg = Release|iPhone
		{B68C2B56-7581-46AE-B55D-D25DDFD3BFE3}.Release|iPhone.Build.0 = Release|iPhone
		{B68C2B56-7581-46AE-B55D-D25DDFD3BFE3}.Release|iPhoneSimulator.ActiveCfg = Release|iPhoneSimulator
		{B68C2B56-7581-46AE-B55D-D25DDFD3BFE3}.Release|iPhoneSimulator.Build.0 = Release|iPhoneSimulator
		{B68C2B56-7581-46AE-B55D-D25DDFD3BFE3}.Release|x64.ActiveCfg = Release|iPhone
		{B68C2B56-7581-46AE-B55D-D25DDFD3BFE3}.Release|x86.ActiveCfg = Release|iPhone
		{A7337243-33B8-463A-87AD-944B75EFD820}.Debug|Any CPU.ActiveCfg = Debug|x86
		{A7337243-33B8-463A-87AD-944B75EFD820}.Debug|ARM.ActiveCfg = Debug|ARM
		{A7337243-33B8-463A-87AD-944B75EFD820}.Debug|ARM.Build.0 = Debug|ARM
		{A7337243-33B8-463A-87AD-944B75EFD820}.Debug|ARM.Deploy.0 = Debug|ARM
		{A7337243-33B8-463A-87AD-944B75EFD820}.Debug|iPhone.ActiveCfg = Debug|x86
		{A7337243-33B8-463A-87AD-944B75EFD820}.Debug|iPhoneSimulator.ActiveCfg = Debug|x86
		{A7337243-33B8-463A-87AD-944B75EFD820}.Debug|x64.ActiveCfg = Debug|x64
		{A7337243-33B8-463A-87AD-944B75EFD820}.Debug|x64.Build.0 = Debug|x64
		{A7337243-33B8-463A-87AD-944B75EFD820}.Debug|x64.Deploy.0 = Debug|x64
		{A7337243-33B8-463A-87AD-944B75EFD820}.Debug|x86.ActiveCfg = Debug|x86
		{A7337243-33B8-463A-87AD-944B75EFD820}.Debug|x86.Build.0 = Debug|x86
		{A7337243-33B8-463A-87AD-944B75EFD820}.Debug|x86.Deploy.0 = Debug|x86
		{A7337243-33B8-463A-87AD-944B75EFD820}.Release|Any CPU.ActiveCfg = Release|x86
		{A7337243-33B8-463A-87AD-944B75EFD820}.Release|ARM.ActiveCfg = Release|ARM
		{A7337243-33B8-463A-87AD-944B75EFD820}.Release|ARM.Build.0 = Release|ARM
		{A7337243-33B8-463A-87AD-944B75EFD820}.Release|ARM.Deploy.0 = Release|ARM
		{A7337243-33B8-463A-87AD-944B75EFD820}.Release|iPhone.ActiveCfg = Release|x86
		{A7337243-33B8-463A-87AD-944B75EFD820}.Release|iPhoneSimulator.ActiveCfg = Release|x86
		{A7337243-33B8-463A-87AD-944B75EFD820}.Release|x64.ActiveCfg = Release|x64
		{A7337243-33B8-463A-87AD-944B75EFD820}.Release|x64.Build.0 = Release|x64
		{A7337243-33B8-463A-87AD-944B75EFD820}.Release|x64.Deploy.0 = Release|x64
		{A7337243-33B8-463A-87AD-944B75EFD820}.Release|x86.ActiveCfg = Release|x86
		{A7337243-33B8-463A-87AD-944B75EFD820}.Release|x86.Build.0 = Release|x86
		{A7337243-33B8-463A-87AD-944B75EFD820}.Release|x86.Deploy.0 = Release|x86
		{19B9E7F3-DC32-45C9-BA75-C85407AAEA4E}.Debug|Any CPU.ActiveCfg = Debug|Any CPU
		{19B9E7F3-DC32-45C9-BA75-C85407AAEA4E}.Debug|Any CPU.Build.0 = Debug|Any CPU
		{19B9E7F3-DC32-45C9-BA75-C85407AAEA4E}.Debug|ARM.ActiveCfg = Debug|Any CPU
		{19B9E7F3-DC32-45C9-BA75-C85407AAEA4E}.Debug|ARM.Build.0 = Debug|Any CPU
		{19B9E7F3-DC32-45C9-BA75-C85407AAEA4E}.Debug|iPhone.ActiveCfg = Debug|Any CPU
		{19B9E7F3-DC32-45C9-BA75-C85407AAEA4E}.Debug|iPhone.Build.0 = Debug|Any CPU
		{19B9E7F3-DC32-45C9-BA75-C85407AAEA4E}.Debug|iPhoneSimulator.ActiveCfg = Debug|Any CPU
		{19B9E7F3-DC32-45C9-BA75-C85407AAEA4E}.Debug|iPhoneSimulator.Build.0 = Debug|Any CPU
		{19B9E7F3-DC32-45C9-BA75-C85407AAEA4E}.Debug|x64.ActiveCfg = Debug|Any CPU
		{19B9E7F3-DC32-45C9-BA75-C85407AAEA4E}.Debug|x64.Build.0 = Debug|Any CPU
		{19B9E7F3-DC32-45C9-BA75-C85407AAEA4E}.Debug|x86.ActiveCfg = Debug|Any CPU
		{19B9E7F3-DC32-45C9-BA75-C85407AAEA4E}.Debug|x86.Build.0 = Debug|Any CPU
		{19B9E7F3-DC32-45C9-BA75-C85407AAEA4E}.Release|Any CPU.ActiveCfg = Release|Any CPU
		{19B9E7F3-DC32-45C9-BA75-C85407AAEA4E}.Release|Any CPU.Build.0 = Release|Any CPU
		{19B9E7F3-DC32-45C9-BA75-C85407AAEA4E}.Release|ARM.ActiveCfg = Release|Any CPU
		{19B9E7F3-DC32-45C9-BA75-C85407AAEA4E}.Release|ARM.Build.0 = Release|Any CPU
		{19B9E7F3-DC32-45C9-BA75-C85407AAEA4E}.Release|iPhone.ActiveCfg = Release|Any CPU
		{19B9E7F3-DC32-45C9-BA75-C85407AAEA4E}.Release|iPhone.Build.0 = Release|Any CPU
		{19B9E7F3-DC32-45C9-BA75-C85407AAEA4E}.Release|iPhoneSimulator.ActiveCfg = Release|Any CPU
		{19B9E7F3-DC32-45C9-BA75-C85407AAEA4E}.Release|iPhoneSimulator.Build.0 = Release|Any CPU
		{19B9E7F3-DC32-45C9-BA75-C85407AAEA4E}.Release|x64.ActiveCfg = Release|Any CPU
		{19B9E7F3-DC32-45C9-BA75-C85407AAEA4E}.Release|x64.Build.0 = Release|Any CPU
		{19B9E7F3-DC32-45C9-BA75-C85407AAEA4E}.Release|x86.ActiveCfg = Release|Any CPU
		{19B9E7F3-DC32-45C9-BA75-C85407AAEA4E}.Release|x86.Build.0 = Release|Any CPU
		{C3C1E2CF-B1F7-4654-BBDC-50143DB22E0B}.Debug|Any CPU.ActiveCfg = Debug|x86
		{C3C1E2CF-B1F7-4654-BBDC-50143DB22E0B}.Debug|ARM.ActiveCfg = Debug|ARM
		{C3C1E2CF-B1F7-4654-BBDC-50143DB22E0B}.Debug|ARM.Build.0 = Debug|ARM
		{C3C1E2CF-B1F7-4654-BBDC-50143DB22E0B}.Debug|ARM.Deploy.0 = Debug|ARM
		{C3C1E2CF-B1F7-4654-BBDC-50143DB22E0B}.Debug|iPhone.ActiveCfg = Debug|x86
		{C3C1E2CF-B1F7-4654-BBDC-50143DB22E0B}.Debug|iPhoneSimulator.ActiveCfg = Debug|x86
		{C3C1E2CF-B1F7-4654-BBDC-50143DB22E0B}.Debug|x64.ActiveCfg = Debug|x64
		{C3C1E2CF-B1F7-4654-BBDC-50143DB22E0B}.Debug|x64.Build.0 = Debug|x64
		{C3C1E2CF-B1F7-4654-BBDC-50143DB22E0B}.Debug|x64.Deploy.0 = Debug|x64
		{C3C1E2CF-B1F7-4654-BBDC-50143DB22E0B}.Debug|x86.ActiveCfg = Debug|x86
		{C3C1E2CF-B1F7-4654-BBDC-50143DB22E0B}.Debug|x86.Build.0 = Debug|x86
		{C3C1E2CF-B1F7-4654-BBDC-50143DB22E0B}.Debug|x86.Deploy.0 = Debug|x86
		{C3C1E2CF-B1F7-4654-BBDC-50143DB22E0B}.Release|Any CPU.ActiveCfg = Release|x86
		{C3C1E2CF-B1F7-4654-BBDC-50143DB22E0B}.Release|ARM.ActiveCfg = Release|ARM
		{C3C1E2CF-B1F7-4654-BBDC-50143DB22E0B}.Release|ARM.Build.0 = Release|ARM
		{C3C1E2CF-B1F7-4654-BBDC-50143DB22E0B}.Release|ARM.Deploy.0 = Release|ARM
		{C3C1E2CF-B1F7-4654-BBDC-50143DB22E0B}.Release|iPhone.ActiveCfg = Release|x86
		{C3C1E2CF-B1F7-4654-BBDC-50143DB22E0B}.Release|iPhoneSimulator.ActiveCfg = Release|x86
		{C3C1E2CF-B1F7-4654-BBDC-50143DB22E0B}.Release|x64.ActiveCfg = Release|x64
		{C3C1E2CF-B1F7-4654-BBDC-50143DB22E0B}.Release|x64.Build.0 = Release|x64
		{C3C1E2CF-B1F7-4654-BBDC-50143DB22E0B}.Release|x64.Deploy.0 = Release|x64
		{C3C1E2CF-B1F7-4654-BBDC-50143DB22E0B}.Release|x86.ActiveCfg = Release|x86
		{C3C1E2CF-B1F7-4654-BBDC-50143DB22E0B}.Release|x86.Build.0 = Release|x86
		{C3C1E2CF-B1F7-4654-BBDC-50143DB22E0B}.Release|x86.Deploy.0 = Release|x86
	EndGlobalSection
	GlobalSection(SolutionProperties) = preSolution
		HideSolutionNode = FALSE
	EndGlobalSection
	GlobalSection(ExtensibilityGlobals) = postSolution
		SolutionGuid = {A67CE021-5D88-4A75-A55F-79F0410183DE}
	EndGlobalSection
EndGlobal
